// !$*UTF8*$!
{
	archiveVersion = 1;
	classes = {
	};
	objectVersion = 50;
	objects = {

/* Begin PBXFileReference section */
		2AB557722F097F560042A369 /* test.sh */ = {isa = PBXFileReference; lastKnownFileType = text.script.sh; path = test.sh; sourceTree = "<group>"; };
/* End PBXFileReference section */

/* Begin PBXGroup section */
		2AB5576B2F097F3B0042A369 = {
			isa = PBXGroup;
			children = (
				2AB557722F097F560042A369 /* test.sh */,
			);
			sourceTree = "<group>";
		};
/* End PBXGroup section */

/* Begin PBXProject section */
		2AB5576C2F097F3B0042A369 /* Project object */ = {
			isa = PBXProject;
			attributes = {
				LastUpgradeCheck = 1010;
			};
			buildConfigurationList = 2AB5576F2F097F3B0042A369 /* Build configuration list for PBXProject "shell_musings" */;
			compatibilityVersion = "Xcode 9.3";
			developmentRegion = en;
			hasScannedForEncodings = 0;
			knownRegions = (
				en,
			);
			mainGroup = 2AB5576B2F097F3B0042A369;
			projectDirPath = "";
			projectRoot = "";
			targets = (
			);
		};
/* End PBXProject section */

/* Begin XCBuildConfiguration section */
		2AB557702F097F3B0042A369 /* Debug */ = {
			isa = XCBuildConfiguration;
			buildSettings = {
			};
			name = Debug;
		};
		2AB557712F097F3B0042A369 /* Release */ = {
			isa = XCBuildConfiguration;
			buildSettings = {
			};
			name = Release;
		};
/* End XCBuildConfiguration section */

/* Begin XCConfigurationList section */
		2AB5576F2F097F3B0042A369 /* Build configuration list for PBXProject "shell_musings" */ = {
			isa = XCConfigurationList;
			buildConfigurations = (
				2AB557702F097F3B0042A369 /* Debug */,
				2AB557712F097F3B0042A369 /* Release */,
			);
			defaultConfigurationIsVisible = 0;
			defaultConfigurationName = Release;
		};
/* End XCConfigurationList section */
	};
	rootObject = 2AB5576C2F097F3B0042A369 /* Project object */;
}
